hash: d8950cf5a87895f5e7c7a1e90e8306a1a588618692d7e430344202f25a7e0a6f
updated: 2018-11-23T15:24:19.662123+08:00
imports:
- name: git.yusank.space/yusank/klyn
  version: 0d97b575d9c7ca40dec9a5169827d73094cdd84b
  repo: http://git.yusank.space/yusank/klyn.git
  vcs: git
- name: git.yusank.space/yusank/klyn-log
  version: f10a65f5759003025734a40ddd2f85e6e0039ef5
  repo: http://git.yusank.space/yusank/klyn-log.git
  vcs: git
  subpackages:
  - consts
testImports: []
